github.com/HugoBlox/kit/modules/blox v0.0.0-20260527025321-61f41d3667f1 h1:JBLSLEfVXqErxi9+DO70n4VX++C+rO103d45CDajzmE=
github.com/HugoBlox/kit/modules/blox v0.0.0-20260527025321-61f41d3667f1/go.mod h1:0F2Ss2NeylmaBP7+qx0U6zFPeMZ9NoLbAQakKXDqygo=
github.com/HugoBlox/kit/modules/integrations/netlify v1.3.0 h1:OP7H3ZaN9cXQrGEzOXt2uD1IRD1MNFGbI5qIM75gth8=
github.com/HugoBlox/kit/modules/integrations/netlify v1.3.0/go.mod h1:UuppRGml2K1EmlDkN+HemycohgZLjOy0QPGYOnoPnY4=
github.com/drgoulu/backlinks4hugo v0.0.0-20260926201124-4b65945a0620 h1:X/X/d5djfQfy1NYq61j+ckIQSj+2bnxuxgf12+fMb2c=
github.com/drgoulu/backlinks4hugo v0.0.0-20260926201124-4b65945a0620/go.mod h1:ZTmoeSc9o7+7GqAh1gxqija7rq5cCt3VpX9NGtMxQbA=
github.com/drgoulu/headless-cms v0.0.0-20260922195411-0d741f896343 h1:akdSbldeR2FAMVps04QpZEd86CxP4/1k89vQx3apuJQ=
github.com/drgoulu/headless-cms v0.0.0-20260922195411-0d741f896343/go.mod h1:aG1LMciGe9o0CCn6AG6aP5DN3Rz452wOoyW+wYZeeis=
github.com/drgoulu/openbook4hugo v0.0.0-20260930070644-92e6706e63b7 h1:3kMeJbwIQLhStvk59dEiSLPoO0rIVwm7GpNn1YsSCIU=
github.com/drgoulu/openbook4hugo v0.0.0-20260930070644-92e6706e63b7/go.mod h1:DqcqrC+P9wUFfSqOuqOw4v859mlDx9sx0oaJpIBNCPk=
github.com/drgoulu/openbook4hugo v0.0.0-20260930072802-4597e1317a2c h1:0JPKdIMjafQrJ/h9mNTgE1PKuOk6vmKHOZ4FQ8TgRg4=
github.com/drgoulu/openbook4hugo v0.0.0-20260930072802-4597e1317a2c/go.mod h1:DqcqrC+P9wUFfSqOuqOw4v859mlDx9sx0oaJpIBNCPk=
github.com/goulu/altmetric4hugo v0.0.0-20260830112131-f7ced6beec3d h1:z2dN11ZWFEYXqVgX2cyO8QLGCB5HTYxCLJHoJTx4fgM=
github.com/goulu/altmetric4hugo v0.0.0-20260830112131-f7ced6beec3d/go.mod h1:s35Egc4KPTJXRCqFPqByu7aU2N39ZtIjREeF1+2B6+8=
